
Microsoft Visual Studio Solution File, Format Version 12.00
# Visual Studio 15
VisualStudioVersion = 15.0.26430.12
MinimumVisualStudioVersion = 10.0.40219.1
Project("{FAE04EC0-301F-11D3-BF4B-00C04F79EFBC}") = "01. Generic Box", "01. Generic Box of String\01. Generic Box.csproj", "{45D44940-532B-443D-A45A-8E9F7A92AFD2}"
EndProject
Project("{FAE04EC0-301F-11D3-BF4B-00C04F79EFBC}") = "05. Generic Count Method String", "05. Generic Count Method String\05. Generic Count Method String.csproj", "{E859A105-7430-4692-BC2B-04D471D25E97}"
EndProject
Project("{FAE04EC0-301F-11D3-BF4B-00C04F79EFBC}") = "07. Custom List", "07. Custom List\07. Custom List.csproj", "{33DB5D8B-B09F-4D2B-9D68-3C06DF0DF275}"
EndProject
Project("{FAE04EC0-301F-11D3-BF4B-00C04F79EFBC}") = "11. Tuple", "10. Tuple\11. Tuple.csproj", "{CAF44D7C-A4E4-41CE-8DE6-82DB15B51C97}"
EndProject
Global
	GlobalSection(SolutionConfigurationPlatforms) = preSolution
		Debug|Any CPU = Debug|Any CPU
		Release|Any CPU = Release|Any CPU
	EndGlobalSection
	GlobalSection(ProjectConfigurationPlatforms) = postSolution
		{45D44940-532B-443D-A45A-8E9F7A92AFD2}.Debug|Any CPU.ActiveCfg = Debug|Any CPU
		{45D44940-532B-443D-A45A-8E9F7A92AFD2}.Debug|Any CPU.Build.0 = Debug|Any CPU
		{45D44940-532B-443D-A45A-8E9F7A92AFD2}.Release|Any CPU.ActiveCfg = Release|Any CPU
		{45D44940-532B-443D-A45A-8E9F7A92AFD2}.Release|Any CPU.Build.0 = Release|Any CPU
		{E859A105-7430-4692-BC2B-04D471D25E97}.Debug|Any CPU.ActiveCfg = Debug|Any CPU
		{E859A105-7430-4692-BC2B-04D471D25E97}.Debug|Any CPU.Build.0 = Debug|Any CPU
		{E859A105-7430-4692-BC2B-04D471D25E97}.Release|Any CPU.ActiveCfg = Release|Any CPU
		{E859A105-7430-4692-BC2B-04D471D25E97}.Release|Any CPU.Build.0 = Release|Any CPU
		{33DB5D8B-B09F-4D2B-9D68-3C06DF0DF275}.Debug|Any CPU.ActiveCfg = Debug|Any CPU
		{33DB5D8B-B09F-4D2B-9D68-3C06DF0DF275}.Debug|Any CPU.Build.0 = Debug|Any CPU
		{33DB5D8B-B09F-4D2B-9D68-3C06DF0DF275}.Release|Any CPU.ActiveCfg = Release|Any CPU
		{33DB5D8B-B09F-4D2B-9D68-3C06DF0DF275}.Release|Any CPU.Build.0 = Release|Any CPU
		{CAF44D7C-A4E4-41CE-8DE6-82DB15B51C97}.Debug|Any CPU.ActiveCfg = Debug|Any CPU
		{CAF44D7C-A4E4-41CE-8DE6-82DB15B51C97}.Debug|Any CPU.Build.0 = Debug|Any CPU
		{CAF44D7C-A4E4-41CE-8DE6-82DB15B51C97}.Release|Any CPU.ActiveCfg = Release|Any CPU
		{CAF44D7C-A4E4-41CE-8DE6-82DB15B51C97}.Release|Any CPU.Build.0 = Release|Any CPU
	EndGlobalSection
	GlobalSection(SolutionProperties) = preSolution
		HideSolutionNode = FALSE
	EndGlobalSection
EndGlobal
