
Microsoft Visual Studio Solution File, Format Version 12.00
# Visual Studio 15
VisualStudioVersion = 15.0.26430.12
MinimumVisualStudioVersion = 10.0.40219.1
Project("{FAE04EC0-301F-11D3-BF4B-00C04F79EFBC}") = "01. WeekDays", "01. WeekDay\01. WeekDays.csproj", "{816231BA-F379-40F1-A85E-2199396AC42D}"
EndProject
Project("{FAE04EC0-301F-11D3-BF4B-00C04F79EFBC}") = "02. CoffeeMachine", "02. CoffeeMachine\02. CoffeeMachine.csproj", "{BB8C00E1-6E18-4FF7-A303-156B40ABF667}"
EndProject
Project("{FAE04EC0-301F-11D3-BF4B-00C04F79EFBC}") = "03. Attributes", "03. Attributes\03. Attributes.csproj", "{D0D4A946-3F53-4283-96EB-6888E25E484F}"
EndProject
Project("{FAE04EC0-301F-11D3-BF4B-00C04F79EFBC}") = "04. Tracker", "04\04. Tracker.csproj", "{C3295DD4-33C5-41E2-85C5-18DFD2648FD7}"
EndProject
Global
	GlobalSection(SolutionConfigurationPlatforms) = preSolution
		Debug|Any CPU = Debug|Any CPU
		Release|Any CPU = Release|Any CPU
	EndGlobalSection
	GlobalSection(ProjectConfigurationPlatforms) = postSolution
		{816231BA-F379-40F1-A85E-2199396AC42D}.Debug|Any CPU.ActiveCfg = Debug|Any CPU
		{816231BA-F379-40F1-A85E-2199396AC42D}.Debug|Any CPU.Build.0 = Debug|Any CPU
		{816231BA-F379-40F1-A85E-2199396AC42D}.Release|Any CPU.ActiveCfg = Release|Any CPU
		{816231BA-F379-40F1-A85E-2199396AC42D}.Release|Any CPU.Build.0 = Release|Any CPU
		{BB8C00E1-6E18-4FF7-A303-156B40ABF667}.Debug|Any CPU.ActiveCfg = Debug|Any CPU
		{BB8C00E1-6E18-4FF7-A303-156B40ABF667}.Debug|Any CPU.Build.0 = Debug|Any CPU
		{BB8C00E1-6E18-4FF7-A303-156B40ABF667}.Release|Any CPU.ActiveCfg = Release|Any CPU
		{BB8C00E1-6E18-4FF7-A303-156B40ABF667}.Release|Any CPU.Build.0 = Release|Any CPU
		{D0D4A946-3F53-4283-96EB-6888E25E484F}.Debug|Any CPU.ActiveCfg = Debug|Any CPU
		{D0D4A946-3F53-4283-96EB-6888E25E484F}.Debug|Any CPU.Build.0 = Debug|Any CPU
		{D0D4A946-3F53-4283-96EB-6888E25E484F}.Release|Any CPU.ActiveCfg = Release|Any CPU
		{D0D4A946-3F53-4283-96EB-6888E25E484F}.Release|Any CPU.Build.0 = Release|Any CPU
		{C3295DD4-33C5-41E2-85C5-18DFD2648FD7}.Debug|Any CPU.ActiveCfg = Debug|Any CPU
		{C3295DD4-33C5-41E2-85C5-18DFD2648FD7}.Debug|Any CPU.Build.0 = Debug|Any CPU
		{C3295DD4-33C5-41E2-85C5-18DFD2648FD7}.Release|Any CPU.ActiveCfg = Release|Any CPU
		{C3295DD4-33C5-41E2-85C5-18DFD2648FD7}.Release|Any CPU.Build.0 = Release|Any CPU
	EndGlobalSection
	GlobalSection(SolutionProperties) = preSolution
		HideSolutionNode = FALSE
	EndGlobalSection
EndGlobal
